
Microsoft Visual Studio Solution File, Format Version 12.00
# Visual Studio 2017
Project("{FAE04EC0-301F-11D3-BF4B-00C04F79EFBC}") = "PhysicsVR-Prototype-development", "PhysicsVR-Prototype-development.csproj", "{492CBD88-D70C-EC32-BD94-9F262416CD2E}"
EndProject
Project("{FAE04EC0-301F-11D3-BF4B-00C04F79EFBC}") = "PhysicsVR-Prototype-development.Editor", "PhysicsVR-Prototype-development.Editor.csproj", "{5BBC8C04-7A59-7B61-CCC3-B495200C308D}"
EndProject
Global
	GlobalSection(SolutionConfigurationPlatforms) = preSolution
		Debug|Any CPU = Debug|Any CPU
		Release|Any CPU = Release|Any CPU
	EndGlobalSection
	GlobalSection(ProjectConfigurationPlatforms) = postSolution
		{492CBD88-D70C-EC32-BD94-9F262416CD2E}.Debug|Any CPU.ActiveCfg = Debug|Any CPU
		{492CBD88-D70C-EC32-BD94-9F262416CD2E}.Debug|Any CPU.Build.0 = Debug|Any CPU
		{492CBD88-D70C-EC32-BD94-9F262416CD2E}.Release|Any CPU.ActiveCfg = Release|Any CPU
		{492CBD88-D70C-EC32-BD94-9F262416CD2E}.Release|Any CPU.Build.0 = Release|Any CPU
		{5BBC8C04-7A59-7B61-CCC3-B495200C308D}.Debug|Any CPU.ActiveCfg = Debug|Any CPU
		{5BBC8C04-7A59-7B61-CCC3-B495200C308D}.Debug|Any CPU.Build.0 = Debug|Any CPU
		{5BBC8C04-7A59-7B61-CCC3-B495200C308D}.Release|Any CPU.ActiveCfg = Release|Any CPU
		{5BBC8C04-7A59-7B61-CCC3-B495200C308D}.Release|Any CPU.Build.0 = Release|Any CPU
	EndGlobalSection
	GlobalSection(SolutionProperties) = preSolution
		HideSolutionNode = FALSE
	EndGlobalSection
EndGlobal
